
Microsoft Visual Studio Solution File, Format Version 12.00
# Visual Studio Version 17
VisualStudioVersion = 17.12.35527.113 d17.12
MinimumVisualStudioVersion = 10.0.40219.1
Project("{FAE04EC0-301F-11D3-BF4B-00C04F79EFBC}") = "Order", "Order\Order.csproj", "{53F8EAF6-90C5-4EBE-9D54-6BEAD53D4292}"
EndProject
Project("{FAE04EC0-301F-11D3-BF4B-00C04F79EFBC}") = "Order.Tests", "Order.Tests\Order.Tests.csproj", "{B6891B16-36D2-4C74-9822-89F02863DA3B}"
EndProject
Global
	GlobalSection(SolutionConfigurationPlatforms) = preSolution
		Debug|Any CPU = Debug|Any CPU
		Release|Any CPU = Release|Any CPU
	EndGlobalSection
	GlobalSection(ProjectConfigurationPlatforms) = postSolution
		{53F8EAF6-90C5-4EBE-9D54-6BEAD53D4292}.Debug|Any CPU.ActiveCfg = Debug|Any CPU
		{53F8EAF6-90C5-4EBE-9D54-6BEAD53D4292}.Debug|Any CPU.Build.0 = Debug|Any CPU
		{53F8EAF6-90C5-4EBE-9D54-6BEAD53D4292}.Release|Any CPU.ActiveCfg = Release|Any CPU
		{53F8EAF6-90C5-4EBE-9D54-6BEAD53D4292}.Release|Any CPU.Build.0 = Release|Any CPU
		{B6891B16-36D2-4C74-9822-89F02863DA3B}.Debug|Any CPU.ActiveCfg = Debug|Any CPU
		{B6891B16-36D2-4C74-9822-89F02863DA3B}.Debug|Any CPU.Build.0 = Debug|Any CPU
		{B6891B16-36D2-4C74-9822-89F02863DA3B}.Release|Any CPU.ActiveCfg = Release|Any CPU
		{B6891B16-36D2-4C74-9822-89F02863DA3B}.Release|Any CPU.Build.0 = Release|Any CPU
	EndGlobalSection
	GlobalSection(SolutionProperties) = preSolution
		HideSolutionNode = FALSE
	EndGlobalSection
EndGlobal
